// !$*UTF8*$!
{
	archiveVersion = 1;
	classes = {
	};
	objectVersion = 70;
	objects = {

/* Begin PBXBuildFile section */
		750662F42D1321C30054A35F /* ProfileImageResponseBody.swift in Sources */ = {isa = PBXBuildFile; fileRef = 750662F32D1321AA0054A35F /* ProfileImageResponseBody.swift */; };
		7516F5112D11B9ED000FAF4A /* ImagesListViewPresenter.swift in Sources */ = {isa = PBXBuildFile; fileRef = 7516F5102D11B9D5000FAF4A /* ImagesListViewPresenter.swift */; };
		7519D5E62D08956500F0D827 /* LogoutService.swift in Sources */ = {isa = PBXBuildFile; fileRef = 7519D5E52D08954F00F0D827 /* LogoutService.swift */; };
		751E2E7B2B2C9217007A9A64 /* Main.storyboard in Resources */ = {isa = PBXBuildFile; fileRef = 751E2E792B2C9217007A9A64 /* Main.storyboard */; };
		7529B6502CF8E1AB003B4502 /* SwiftKeychainWrapper in Frameworks */ = {isa = PBXBuildFile; productRef = 7529B64F2CF8E1AB003B4502 /* SwiftKeychainWrapper */; };
		7529B6522CFDDC8A003B4502 /* ImagesListService.swift in Sources */ = {isa = PBXBuildFile; fileRef = 7529B6512CFDDC86003B4502 /* ImagesListService.swift */; };
		7529B6542CFF71D9003B4502 /* ImageListStructures.swift in Sources */ = {isa = PBXBuildFile; fileRef = 7529B6532CFF71C2003B4502 /* ImageListStructures.swift */; };
		754345182B84CF7100F662D7 /* OAuth2Service.swift in Sources */ = {isa = PBXBuildFile; fileRef = 754345172B84CF7100F662D7 /* OAuth2Service.swift */; };
		7543451A2B84CF9100F662D7 /* OAuth2TokenStorage.swift in Sources */ = {isa = PBXBuildFile; fileRef = 754345192B84CF9100F662D7 /* OAuth2TokenStorage.swift */; };
		7543451D2B84D5C400F662D7 /* OAuthTokenBody.swift in Sources */ = {isa = PBXBuildFile; fileRef = 7543451C2B84D5C400F662D7 /* OAuthTokenBody.swift */; };
		754345202B84E99D00F662D7 /* SplashViewController.swift in Sources */ = {isa = PBXBuildFile; fileRef = 7543451F2B84E99D00F662D7 /* SplashViewController.swift */; };
		754DE42F2D11C504009092B9 /* ProfileViewPresenter.swift in Sources */ = {isa = PBXBuildFile; fileRef = 754DE42E2D11C501009092B9 /* ProfileViewPresenter.swift */; };
		754DE4322D11D6FC009092B9 /* TabBarController.swift in Sources */ = {isa = PBXBuildFile; fileRef = 754DE4312D11D6EF009092B9 /* TabBarController.swift */; };
		75822FA02D1039490031AC78 /* WebViewPresenter.swift in Sources */ = {isa = PBXBuildFile; fileRef = 75822F9F2D1039460031AC78 /* WebViewPresenter.swift */; };
		75822FA22D1054590031AC78 /* AuthHelper.swift in Sources */ = {isa = PBXBuildFile; fileRef = 75822FA12D10544F0031AC78 /* AuthHelper.swift */; };
		7584576F2B5175B5006EF9E1 /* SingleImageViewController.swift in Sources */ = {isa = PBXBuildFile; fileRef = 7584576E2B5175B5006EF9E1 /* SingleImageViewController.swift */; };
		759F37C62B7516D70000B528 /* AuthConfiguration.swift in Sources */ = {isa = PBXBuildFile; fileRef = 759F37C52B7516D70000B528 /* AuthConfiguration.swift */; };
		759F37CD2B7A45E70000B528 /* AuthViewController.swift in Sources */ = {isa = PBXBuildFile; fileRef = 759F37CC2B7A45E70000B528 /* AuthViewController.swift */; };
		759F37D02B7A579C0000B528 /* WebViewViewController.swift in Sources */ = {isa = PBXBuildFile; fileRef = 759F37CF2B7A579C0000B528 /* WebViewViewController.swift */; };
		75B49AB92B500CB60036BC78 /* ProfileViewController.swift in Sources */ = {isa = PBXBuildFile; fileRef = 75B49AB82B500CB60036BC78 /* ProfileViewController.swift */; };
		75CFD6FE2CECDD5F00BAF8CF /* URLSessionExtension.swift in Sources */ = {isa = PBXBuildFile; fileRef = 75CFD6FD2CECDD4700BAF8CF /* URLSessionExtension.swift */; };
		75CFD7012CEF8DA400BAF8CF /* AlertPresenter.swift in Sources */ = {isa = PBXBuildFile; fileRef = 75CFD7002CEF8D9800BAF8CF /* AlertPresenter.swift */; };
		75F2732F2CF5E5B100E0E0BE /* ProfileImageService.swift in Sources */ = {isa = PBXBuildFile; fileRef = 75F2732E2CF5E5AE00E0E0BE /* ProfileImageService.swift */; };
		75F273322CF5EDFA00E0E0BE /* Kingfisher in Frameworks */ = {isa = PBXBuildFile; productRef = 75F273312CF5EDFA00E0E0BE /* Kingfisher */; };
		75FAC7032CE617F00065BE58 /* ProgressHUD in Frameworks */ = {isa = PBXBuildFile; productRef = 75FAC7022CE617F00065BE58 /* ProgressHUD */; };
		75FAC7062CE61B570065BE58 /* ProgressHUD in Frameworks */ = {isa = PBXBuildFile; productRef = 75FAC7052CE61B570065BE58 /* ProgressHUD */; };
		75FAC7102CE796D60065BE58 /* UIBlockingProgressHUD.swift in Sources */ = {isa = PBXBuildFile; fileRef = 75FAC70F2CE796D30065BE58 /* UIBlockingProgressHUD.swift */; };
		75FAC7122CEB4D870065BE58 /* ProfileService.swift in Sources */ = {isa = PBXBuildFile; fileRef = 75FAC7112CEB4D7D0065BE58 /* ProfileService.swift */; };
		75FAC7142CEB519C0065BE58 /* ProfileResultResponseBody.swift in Sources */ = {isa = PBXBuildFile; fileRef = 75FAC7132CEB51800065BE58 /* ProfileResultResponseBody.swift */; };
		75FAC7162CEB76710065BE58 /* URLRequest+Extension.swift in Sources */ = {isa = PBXBuildFile; fileRef = 75FAC7152CEB76540065BE58 /* URLRequest+Extension.swift */; };
		75FAC7182CEB98A70065BE58 /* Error.swift in Sources */ = {isa = PBXBuildFile; fileRef = 75FAC7172CEB98A20065BE58 /* Error.swift */; };
		D5BB222B2B20CD870092A8CA /* ImagesListCell.swift in Sources */ = {isa = PBXBuildFile; fileRef = D5BB222A2B20CD870092A8CA /* ImagesListCell.swift */; };
		D5F40A442B1F31980047F1AC /* AppDelegate.swift in Sources */ = {isa = PBXBuildFile; fileRef = D5F40A432B1F31980047F1AC /* AppDelegate.swift */; };
		D5F40A462B1F31980047F1AC /* SceneDelegate.swift in Sources */ = {isa = PBXBuildFile; fileRef = D5F40A452B1F31980047F1AC /* SceneDelegate.swift */; };
		D5F40A482B1F31980047F1AC /* ImagesListViewController.swift in Sources */ = {isa = PBXBuildFile; fileRef = D5F40A472B1F31980047F1AC /* ImagesListViewController.swift */; };
		D5F40A4D2B1F31990047F1AC /* Assets.xcassets in Resources */ = {isa = PBXBuildFile; fileRef = D5F40A4C2B1F31990047F1AC /* Assets.xcassets */; };
		D5F40A502B1F31990047F1AC /* LaunchScreen.storyboard in Resources */ = {isa = PBXBuildFile; fileRef = D5F40A4E2B1F31990047F1AC /* LaunchScreen.storyboard */; };
/* End PBXBuildFile section */

/* Begin PBXContainerItemProxy section */
		75822FAB2D105EC80031AC78 /* PBXContainerItemProxy */ = {
			isa = PBXContainerItemProxy;
			containerPortal = D5F40A382B1F31980047F1AC /* Project object */;
			proxyType = 1;
			remoteGlobalIDString = D5F40A3F2B1F31980047F1AC;
			remoteInfo = ImageFeed;
		};
/* End PBXContainerItemProxy section */

/* Begin PBXFileReference section */
		750662F32D1321AA0054A35F /* ProfileImageResponseBody.swift */ = {isa = PBXFileReference; lastKnownFileType = sourcecode.swift; path = ProfileImageResponseBody.swift; sourceTree = "<group>"; };
		7516F5102D11B9D5000FAF4A /* ImagesListViewPresenter.swift */ = {isa = PBXFileReference; lastKnownFileType = sourcecode.swift; path = ImagesListViewPresenter.swift; sourceTree = "<group>"; };
		7519D5E52D08954F00F0D827 /* LogoutService.swift */ = {isa = PBXFileReference; lastKnownFileType = sourcecode.swift; path = LogoutService.swift; sourceTree = "<group>"; };
		751E2E7A2B2C9217007A9A64 /* Base */ = {isa = PBXFileReference; lastKnownFileType = file.storyboard; name = Base; path = Base.lproj/Main.storyboard; sourceTree = "<group>"; };
		7529B6512CFDDC86003B4502 /* ImagesListService.swift */ = {isa = PBXFileReference; lastKnownFileType = sourcecode.swift; path = ImagesListService.swift; sourceTree = "<group>"; };
		7529B6532CFF71C2003B4502 /* ImageListStructures.swift */ = {isa = PBXFileReference; lastKnownFileType = sourcecode.swift; path = ImageListStructures.swift; sourceTree = "<group>"; };
		754345172B84CF7100F662D7 /* OAuth2Service.swift */ = {isa = PBXFileReference; lastKnownFileType = sourcecode.swift; path = OAuth2Service.swift; sourceTree = "<group>"; };
		754345192B84CF9100F662D7 /* OAuth2TokenStorage.swift */ = {isa = PBXFileReference; lastKnownFileType = sourcecode.swift; path = OAuth2TokenStorage.swift; sourceTree = "<group>"; };
		7543451C2B84D5C400F662D7 /* OAuthTokenBody.swift */ = {isa = PBXFileReference; lastKnownFileType = sourcecode.swift; path = OAuthTokenBody.swift; sourceTree = "<group>"; };
		7543451F2B84E99D00F662D7 /* SplashViewController.swift */ = {isa = PBXFileReference; lastKnownFileType = sourcecode.swift; path = SplashViewController.swift; sourceTree = "<group>"; };
		754DE42E2D11C501009092B9 /* ProfileViewPresenter.swift */ = {isa = PBXFileReference; lastKnownFileType = sourcecode.swift; path = ProfileViewPresenter.swift; sourceTree = "<group>"; };
		754DE4312D11D6EF009092B9 /* TabBarController.swift */ = {isa = PBXFileReference; lastKnownFileType = sourcecode.swift; path = TabBarController.swift; sourceTree = "<group>"; };
		757F9FC42D133BC00040C523 /* ImageFeed.xctestplan */ = {isa = PBXFileReference; lastKnownFileType = text; path = ImageFeed.xctestplan; sourceTree = "<group>"; };
		75822F9F2D1039460031AC78 /* WebViewPresenter.swift */ = {isa = PBXFileReference; lastKnownFileType = sourcecode.swift; path = WebViewPresenter.swift; sourceTree = "<group>"; };
		75822FA12D10544F0031AC78 /* AuthHelper.swift */ = {isa = PBXFileReference; lastKnownFileType = sourcecode.swift; path = AuthHelper.swift; sourceTree = "<group>"; };
		75822FA72D105EC80031AC78 /* ImageFeedTests.xctest */ = {isa = PBXFileReference; explicitFileType = wrapper.cfbundle; includeInIndex = 0; path = ImageFeedTests.xctest; sourceTree = BUILT_PRODUCTS_DIR; };
		7584576E2B5175B5006EF9E1 /* SingleImageViewController.swift */ = {isa = PBXFileReference; lastKnownFileType = sourcecode.swift; path = SingleImageViewController.swift; sourceTree = "<group>"; };
		759F37C52B7516D70000B528 /* AuthConfiguration.swift */ = {isa = PBXFileReference; lastKnownFileType = sourcecode.swift; path = AuthConfiguration.swift; sourceTree = "<group>"; };
		759F37CC2B7A45E70000B528 /* AuthViewController.swift */ = {isa = PBXFileReference; lastKnownFileType = sourcecode.swift; path = AuthViewController.swift; sourceTree = "<group>"; };
		759F37CF2B7A579C0000B528 /* WebViewViewController.swift */ = {isa = PBXFileReference; lastKnownFileType = sourcecode.swift; path = WebViewViewController.swift; sourceTree = "<group>"; };
		75B49AB82B500CB60036BC78 /* ProfileViewController.swift */ = {isa = PBXFileReference; lastKnownFileType = sourcecode.swift; path = ProfileViewController.swift; sourceTree = "<group>"; };
		75CFD6FD2CECDD4700BAF8CF /* URLSessionExtension.swift */ = {isa = PBXFileReference; lastKnownFileType = sourcecode.swift; path = URLSessionExtension.swift; sourceTree = "<group>"; };
		75CFD7002CEF8D9800BAF8CF /* AlertPresenter.swift */ = {isa = PBXFileReference; lastKnownFileType = sourcecode.swift; path = AlertPresenter.swift; sourceTree = "<group>"; };
		75F2732E2CF5E5AE00E0E0BE /* ProfileImageService.swift */ = {isa = PBXFileReference; lastKnownFileType = sourcecode.swift; path = ProfileImageService.swift; sourceTree = "<group>"; };
		75FAC70F2CE796D30065BE58 /* UIBlockingProgressHUD.swift */ = {isa = PBXFileReference; lastKnownFileType = sourcecode.swift; path = UIBlockingProgressHUD.swift; sourceTree = "<group>"; };
		75FAC7112CEB4D7D0065BE58 /* ProfileService.swift */ = {isa = PBXFileReference; lastKnownFileType = sourcecode.swift; path = ProfileService.swift; sourceTree = "<group>"; };
		75FAC7132CEB51800065BE58 /* ProfileResultResponseBody.swift */ = {isa = PBXFileReference; lastKnownFileType = sourcecode.swift; path = ProfileResultResponseBody.swift; sourceTree = "<group>"; };
		75FAC7152CEB76540065BE58 /* URLRequest+Extension.swift */ = {isa = PBXFileReference; lastKnownFileType = sourcecode.swift; path = "URLRequest+Extension.swift"; sourceTree = "<group>"; };
		75FAC7172CEB98A20065BE58 /* Error.swift */ = {isa = PBXFileReference; lastKnownFileType = sourcecode.swift; path = Error.swift; sourceTree = "<group>"; };
		D5BB222A2B20CD870092A8CA /* ImagesListCell.swift */ = {isa = PBXFileReference; lastKnownFileType = sourcecode.swift; path = ImagesListCell.swift; sourceTree = "<group>"; };
		D5F40A402B1F31980047F1AC /* ImageFeed.app */ = {isa = PBXFileReference; explicitFileType = wrapper.application; includeInIndex = 0; path = ImageFeed.app; sourceTree = BUILT_PRODUCTS_DIR; };
		D5F40A432B1F31980047F1AC /* AppDelegate.swift */ = {isa = PBXFileReference; lastKnownFileType = sourcecode.swift; path = AppDelegate.swift; sourceTree = "<group>"; };
		D5F40A452B1F31980047F1AC /* SceneDelegate.swift */ = {isa = PBXFileReference; lastKnownFileType = sourcecode.swift; path = SceneDelegate.swift; sourceTree = "<group>"; };
		D5F40A472B1F31980047F1AC /* ImagesListViewController.swift */ = {isa = PBXFileReference; lastKnownFileType = sourcecode.swift; path = ImagesListViewController.swift; sourceTree = "<group>"; };
		D5F40A4C2B1F31990047F1AC /* Assets.xcassets */ = {isa = PBXFileReference; lastKnownFileType = folder.assetcatalog; path = Assets.xcassets; sourceTree = "<group>"; };
		D5F40A4F2B1F31990047F1AC /* Base */ = {isa = PBXFileReference; lastKnownFileType = file.storyboard; name = Base; path = Base.lproj/LaunchScreen.storyboard; sourceTree = "<group>"; };
		D5F40A512B1F31990047F1AC /* Info.plist */ = {isa = PBXFileReference; lastKnownFileType = text.plist.xml; path = Info.plist; sourceTree = "<group>"; };
/* End PBXFileReference section */

/* Begin PBXFileSystemSynchronizedBuildFileExceptionSet section */
		757FA0372D134A310040C523 /* PBXFileSystemSynchronizedBuildFileExceptionSet */ = {
			isa = PBXFileSystemSynchronizedBuildFileExceptionSet;
			membershipExceptions = (
				ImagesListTest/ImagesListTest.swift,
				ImagesListTest/ImagesListViewControllerSpy.swift,
				ImagesListTest/ImagesListViewPresenterSpy.swift,
			);
			target = 75822FA62D105EC80031AC78 /* ImageFeedTests */;
		};
/* End PBXFileSystemSynchronizedBuildFileExceptionSet section */

/* Begin PBXFileSystemSynchronizedRootGroup section */
		75822FA82D105EC80031AC78 /* ImageFeedTests */ = {isa = PBXFileSystemSynchronizedRootGroup; exceptions = (757FA0372D134A310040C523 /* PBXFileSystemSynchronizedBuildFileExceptionSet */, ); explicitFileTypes = {}; explicitFolders = (); path = ImageFeedTests; sourceTree = "<group>"; };
/* End PBXFileSystemSynchronizedRootGroup section */

/* Begin PBXFrameworksBuildPhase section */
		75822FA42D105EC80031AC78 /* Frameworks */ = {
			isa = PBXFrameworksBuildPhase;
			buildActionMask = 2147483647;
			files = (
			);
			runOnlyForDeploymentPostprocessing = 0;
		};
		D5F40A3D2B1F31980047F1AC /* Frameworks */ = {
			isa = PBXFrameworksBuildPhase;
			buildActionMask = 2147483647;
			files = (
				75F273322CF5EDFA00E0E0BE /* Kingfisher in Frameworks */,
				75FAC7032CE617F00065BE58 /* ProgressHUD in Frameworks */,
				7529B6502CF8E1AB003B4502 /* SwiftKeychainWrapper in Frameworks */,
				75FAC7062CE61B570065BE58 /* ProgressHUD in Frameworks */,
			);
			runOnlyForDeploymentPostprocessing = 0;
		};
/* End PBXFrameworksBuildPhase section */

/* Begin PBXGroup section */
		754345162B84CF3500F662D7 /* OAuth2 */ = {
			isa = PBXGroup;
			children = (
				7543451C2B84D5C400F662D7 /* OAuthTokenBody.swift */,
				754345172B84CF7100F662D7 /* OAuth2Service.swift */,
				754345192B84CF9100F662D7 /* OAuth2TokenStorage.swift */,
			);
			path = OAuth2;
			sourceTree = "<group>";
		};
		7543451E2B84E97500F662D7 /* SplashViewController */ = {
			isa = PBXGroup;
			children = (
				75FAC70F2CE796D30065BE58 /* UIBlockingProgressHUD.swift */,
				7543451F2B84E99D00F662D7 /* SplashViewController.swift */,
			);
			path = SplashViewController;
			sourceTree = "<group>";
		};
		754DE4302D11D6DF009092B9 /* TabBar */ = {
			isa = PBXGroup;
			children = (
				754DE4312D11D6EF009092B9 /* TabBarController.swift */,
				75B49AB72B500C640036BC78 /* Profile */,
				D5BB222C2B20CDDD0092A8CA /* ImagesList */,
			);
			path = TabBar;
			sourceTree = "<group>";
		};
		7584576D2B517490006EF9E1 /* SingleImageView */ = {
			isa = PBXGroup;
			children = (
				7584576E2B5175B5006EF9E1 /* SingleImageViewController.swift */,
			);
			path = SingleImageView;
			sourceTree = "<group>";
		};
		759F37CE2B7A56740000B528 /* Auth */ = {
			isa = PBXGroup;
			children = (
				75822F9F2D1039460031AC78 /* WebViewPresenter.swift */,
				759F37CF2B7A579C0000B528 /* WebViewViewController.swift */,
				759F37CC2B7A45E70000B528 /* AuthViewController.swift */,
				754345162B84CF3500F662D7 /* OAuth2 */,
			);
			path = Auth;
			sourceTree = "<group>";
		};
		75B49AB72B500C640036BC78 /* Profile */ = {
			isa = PBXGroup;
			children = (
				750662F32D1321AA0054A35F /* ProfileImageResponseBody.swift */,
				754DE42E2D11C501009092B9 /* ProfileViewPresenter.swift */,
				7519D5E52D08954F00F0D827 /* LogoutService.swift */,
				75B49AB82B500CB60036BC78 /* ProfileViewController.swift */,
				75F2732E2CF5E5AE00E0E0BE /* ProfileImageService.swift */,
				75FAC7112CEB4D7D0065BE58 /* ProfileService.swift */,
				75FAC7132CEB51800065BE58 /* ProfileResultResponseBody.swift */,
			);
			path = Profile;
			sourceTree = "<group>";
		};
		75CFD6FF2CEF8D8400BAF8CF /* Alerts */ = {
			isa = PBXGroup;
			children = (
				75CFD7002CEF8D9800BAF8CF /* AlertPresenter.swift */,
			);
			path = Alerts;
			sourceTree = "<group>";
		};
		75F2732B2CF5E1A300E0E0BE /* Helpers */ = {
			isa = PBXGroup;
			children = (
				75822FA12D10544F0031AC78 /* AuthHelper.swift */,
				759F37C52B7516D70000B528 /* AuthConfiguration.swift */,
				75FAC7172CEB98A20065BE58 /* Error.swift */,
			);
			path = Helpers;
			sourceTree = "<group>";
		};
		75F2732C2CF5E20B00E0E0BE /* URL */ = {
			isa = PBXGroup;
			children = (
				75FAC7152CEB76540065BE58 /* URLRequest+Extension.swift */,
				75CFD6FD2CECDD4700BAF8CF /* URLSessionExtension.swift */,
			);
			path = URL;
			sourceTree = "<group>";
		};
		75F2732D2CF5E25D00E0E0BE /* Resources */ = {
			isa = PBXGroup;
			children = (
				D5F40A4C2B1F31990047F1AC /* Assets.xcassets */,
				D5F40A4E2B1F31990047F1AC /* LaunchScreen.storyboard */,
			);
			path = Resources;
			sourceTree = "<group>";
		};
		D5BB222C2B20CDDD0092A8CA /* ImagesList */ = {
			isa = PBXGroup;
			children = (
				7516F5102D11B9D5000FAF4A /* ImagesListViewPresenter.swift */,
				D5F40A472B1F31980047F1AC /* ImagesListViewController.swift */,
				D5BB222A2B20CD870092A8CA /* ImagesListCell.swift */,
				7529B6532CFF71C2003B4502 /* ImageListStructures.swift */,
				7529B6512CFDDC86003B4502 /* ImagesListService.swift */,
			);
			path = ImagesList;
			sourceTree = "<group>";
		};
		D5F40A372B1F31980047F1AC = {
			isa = PBXGroup;
			children = (
				757F9FC42D133BC00040C523 /* ImageFeed.xctestplan */,
				D5F40A422B1F31980047F1AC /* ImageFeed */,
				75822FA82D105EC80031AC78 /* ImageFeedTests */,
				D5F40A412B1F31980047F1AC /* Products */,
			);
			sourceTree = "<group>";
		};
		D5F40A412B1F31980047F1AC /* Products */ = {
			isa = PBXGroup;
			children = (
				D5F40A402B1F31980047F1AC /* ImageFeed.app */,
				75822FA72D105EC80031AC78 /* ImageFeedTests.xctest */,
			);
			name = Products;
			sourceTree = "<group>";
		};
		D5F40A422B1F31980047F1AC /* ImageFeed */ = {
			isa = PBXGroup;
			children = (
				754DE4302D11D6DF009092B9 /* TabBar */,
				D5F40A432B1F31980047F1AC /* AppDelegate.swift */,
				D5F40A452B1F31980047F1AC /* SceneDelegate.swift */,
				751E2E792B2C9217007A9A64 /* Main.storyboard */,
				D5F40A512B1F31990047F1AC /* Info.plist */,
				75CFD6FF2CEF8D8400BAF8CF /* Alerts */,
				759F37CE2B7A56740000B528 /* Auth */,
				75F2732B2CF5E1A300E0E0BE /* Helpers */,
				75F2732D2CF5E25D00E0E0BE /* Resources */,
				7584576D2B517490006EF9E1 /* SingleImageView */,
				7543451E2B84E97500F662D7 /* SplashViewController */,
				75F2732C2CF5E20B00E0E0BE /* URL */,
			);
			path = ImageFeed;
			sourceTree = "<group>";
		};
/* End PBXGroup section */

/* Begin PBXNativeTarget section */
		75822FA62D105EC80031AC78 /* ImageFeedTests */ = {
			isa = PBXNativeTarget;
			buildConfigurationList = 75822FAD2D105EC80031AC78 /* Build configuration list for PBXNativeTarget "ImageFeedTests" */;
			buildPhases = (
				75822FA32D105EC80031AC78 /* Sources */,
				75822FA42D105EC80031AC78 /* Frameworks */,
				75822FA52D105EC80031AC78 /* Resources */,
			);
			buildRules = (
			);
			dependencies = (
				75822FAC2D105EC80031AC78 /* PBXTargetDependency */,
			);
			fileSystemSynchronizedGroups = (
				75822FA82D105EC80031AC78 /* ImageFeedTests */,
			);
			name = ImageFeedTests;
			packageProductDependencies = (
			);
			productName = ImageFeedTests;
			productReference = 75822FA72D105EC80031AC78 /* ImageFeedTests.xctest */;
			productType = "com.apple.product-type.bundle.unit-test";
		};
		D5F40A3F2B1F31980047F1AC /* ImageFeed */ = {
			isa = PBXNativeTarget;
			buildConfigurationList = D5F40A542B1F31990047F1AC /* Build configuration list for PBXNativeTarget "ImageFeed" */;
			buildPhases = (
				D5F40A3C2B1F31980047F1AC /* Sources */,
				D5F40A3D2B1F31980047F1AC /* Frameworks */,
				D5F40A3E2B1F31980047F1AC /* Resources */,
			);
			buildRules = (
			);
			dependencies = (
			);
			name = ImageFeed;
			productName = ImageFeed;
			productReference = D5F40A402B1F31980047F1AC /* ImageFeed.app */;
			productType = "com.apple.product-type.application";
		};
/* End PBXNativeTarget section */

/* Begin PBXProject section */
		D5F40A382B1F31980047F1AC /* Project object */ = {
			isa = PBXProject;
			attributes = {
				BuildIndependentTargetsInParallel = 1;
				LastSwiftUpdateCheck = 1600;
				LastUpgradeCheck = 1500;
				TargetAttributes = {
					75822FA62D105EC80031AC78 = {
						CreatedOnToolsVersion = 16.0;
						TestTargetID = D5F40A3F2B1F31980047F1AC;
					};
					D5F40A3F2B1F31980047F1AC = {
						CreatedOnToolsVersion = 15.0.1;
					};
				};
			};
			buildConfigurationList = D5F40A3B2B1F31980047F1AC /* Build configuration list for PBXProject "ImageFeed" */;
			compatibilityVersion = "Xcode 14.0";
			developmentRegion = en;
			hasScannedForEncodings = 0;
			knownRegions = (
				en,
				Base,
			);
			mainGroup = D5F40A372B1F31980047F1AC;
			packageReferences = (
				75FAC7042CE61B570065BE58 /* XCRemoteSwiftPackageReference "ProgressHUD" */,
				7529B64E2CF8E1AB003B4502 /* XCRemoteSwiftPackageReference "SwiftKeychainWrapper" */,
				750662C92D12FFE20054A35F /* XCRemoteSwiftPackageReference "Kingfisher" */,
			);
			productRefGroup = D5F40A412B1F31980047F1AC /* Products */;
			projectDirPath = "";
			projectRoot = "";
			targets = (
				D5F40A3F2B1F31980047F1AC /* ImageFeed */,
				75822FA62D105EC80031AC78 /* ImageFeedTests */,
			);
		};
/* End PBXProject section */

/* Begin PBXResourcesBuildPhase section */
		75822FA52D105EC80031AC78 /* Resources */ = {
			isa = PBXResourcesBuildPhase;
			buildActionMask = 2147483647;
			files = (
			);
			runOnlyForDeploymentPostprocessing = 0;
		};
		D5F40A3E2B1F31980047F1AC /* Resources */ = {
			isa = PBXResourcesBuildPhase;
			buildActionMask = 2147483647;
			files = (
				D5F40A502B1F31990047F1AC /* LaunchScreen.storyboard in Resources */,
				D5F40A4D2B1F31990047F1AC /* Assets.xcassets in Resources */,
				751E2E7B2B2C9217007A9A64 /* Main.storyboard in Resources */,
			);
			runOnlyForDeploymentPostprocessing = 0;
		};
/* End PBXResourcesBuildPhase section */

/* Begin PBXSourcesBuildPhase section */
		75822FA32D105EC80031AC78 /* Sources */ = {
			isa = PBXSourcesBuildPhase;
			buildActionMask = 2147483647;
			files = (
			);
			runOnlyForDeploymentPostprocessing = 0;
		};
		D5F40A3C2B1F31980047F1AC /* Sources */ = {
			isa = PBXSourcesBuildPhase;
			buildActionMask = 2147483647;
			files = (
				7529B6542CFF71D9003B4502 /* ImageListStructures.swift in Sources */,
				7519D5E62D08956500F0D827 /* LogoutService.swift in Sources */,
				754345202B84E99D00F662D7 /* SplashViewController.swift in Sources */,
				759F37C62B7516D70000B528 /* AuthConfiguration.swift in Sources */,
				75FAC7102CE796D60065BE58 /* UIBlockingProgressHUD.swift in Sources */,
				D5F40A482B1F31980047F1AC /* ImagesListViewController.swift in Sources */,
				D5BB222B2B20CD870092A8CA /* ImagesListCell.swift in Sources */,
				75B49AB92B500CB60036BC78 /* ProfileViewController.swift in Sources */,
				7543451A2B84CF9100F662D7 /* OAuth2TokenStorage.swift in Sources */,
				7529B6522CFDDC8A003B4502 /* ImagesListService.swift in Sources */,
				75FAC7142CEB519C0065BE58 /* ProfileResultResponseBody.swift in Sources */,
				75822FA22D1054590031AC78 /* AuthHelper.swift in Sources */,
				759F37CD2B7A45E70000B528 /* AuthViewController.swift in Sources */,
				75FAC7162CEB76710065BE58 /* URLRequest+Extension.swift in Sources */,
				D5F40A442B1F31980047F1AC /* AppDelegate.swift in Sources */,
				7584576F2B5175B5006EF9E1 /* SingleImageViewController.swift in Sources */,
				759F37D02B7A579C0000B528 /* WebViewViewController.swift in Sources */,
				754DE42F2D11C504009092B9 /* ProfileViewPresenter.swift in Sources */,
				754345182B84CF7100F662D7 /* OAuth2Service.swift in Sources */,
				75CFD6FE2CECDD5F00BAF8CF /* URLSessionExtension.swift in Sources */,
				75F2732F2CF5E5B100E0E0BE /* ProfileImageService.swift in Sources */,
				75CFD7012CEF8DA400BAF8CF /* AlertPresenter.swift in Sources */,
				75822FA02D1039490031AC78 /* WebViewPresenter.swift in Sources */,
				754DE4322D11D6FC009092B9 /* TabBarController.swift in Sources */,
				D5F40A462B1F31980047F1AC /* SceneDelegate.swift in Sources */,
				7543451D2B84D5C400F662D7 /* OAuthTokenBody.swift in Sources */,
				7516F5112D11B9ED000FAF4A /* ImagesListViewPresenter.swift in Sources */,
				75FAC7182CEB98A70065BE58 /* Error.swift in Sources */,
				75FAC7122CEB4D870065BE58 /* ProfileService.swift in Sources */,
				750662F42D1321C30054A35F /* ProfileImageResponseBody.swift in Sources */,
			);
			runOnlyForDeploymentPostprocessing = 0;
		};
/* End PBXSourcesBuildPhase section */

/* Begin PBXTargetDependency section */
		75822FAC2D105EC80031AC78 /* PBXTargetDependency */ = {
			isa = PBXTargetDependency;
			target = D5F40A3F2B1F31980047F1AC /* ImageFeed */;
			targetProxy = 75822FAB2D105EC80031AC78 /* PBXContainerItemProxy */;
		};
/* End PBXTargetDependency section */

/* Begin PBXVariantGroup section */
		751E2E792B2C9217007A9A64 /* Main.storyboard */ = {
			isa = PBXVariantGroup;
			children = (
				751E2E7A2B2C9217007A9A64 /* Base */,
			);
			name = Main.storyboard;
			sourceTree = "<group>";
		};
		D5F40A4E2B1F31990047F1AC /* LaunchScreen.storyboard */ = {
			isa = PBXVariantGroup;
			children = (
				D5F40A4F2B1F31990047F1AC /* Base */,
			);
			name = LaunchScreen.storyboard;
			sourceTree = "<group>";
		};
/* End PBXVariantGroup section */

/* Begin XCBuildConfiguration section */
		75822FAE2D105EC80031AC78 /* Debug */ = {
			isa = XCBuildConfiguration;
			buildSettings = {
				BUNDLE_LOADER = "$(TEST_HOST)";
				CODE_SIGN_STYLE = Automatic;
				CURRENT_PROJECT_VERSION = 1;
				DEVELOPMENT_TEAM = 87F25W4QLY;
				GENERATE_INFOPLIST_FILE = YES;
				IPHONEOS_DEPLOYMENT_TARGET = 18.0;
				MARKETING_VERSION = 1.0;
				PRODUCT_BUNDLE_IDENTIFIER = com.maximmangk.ImageFeedTests;
				PRODUCT_NAME = "$(TARGET_NAME)";
				SWIFT_EMIT_LOC_STRINGS = NO;
				SWIFT_VERSION = 5.0;
				TARGETED_DEVICE_FAMILY = "1,2";
				TEST_HOST = "$(BUILT_PRODUCTS_DIR)/ImageFeed.app/$(BUNDLE_EXECUTABLE_FOLDER_PATH)/ImageFeed";
			};
			name = Debug;
		};
		75822FAF2D105EC80031AC78 /* Release */ = {
			isa = XCBuildConfiguration;
			buildSettings = {
				BUNDLE_LOADER = "$(TEST_HOST)";
				CODE_SIGN_STYLE = Automatic;
				CURRENT_PROJECT_VERSION = 1;
				DEVELOPMENT_TEAM = 87F25W4QLY;
				GENERATE_INFOPLIST_FILE = YES;
				IPHONEOS_DEPLOYMENT_TARGET = 18.0;
				MARKETING_VERSION = 1.0;
				PRODUCT_BUNDLE_IDENTIFIER = com.maximmangk.ImageFeedTests;
				PRODUCT_NAME = "$(TARGET_NAME)";
				SWIFT_EMIT_LOC_STRINGS = NO;
				SWIFT_VERSION = 5.0;
				TARGETED_DEVICE_FAMILY = "1,2";
				TEST_HOST = "$(BUILT_PRODUCTS_DIR)/ImageFeed.app/$(BUNDLE_EXECUTABLE_FOLDER_PATH)/ImageFeed";
			};
			name = Release;
		};
		D5F40A522B1F31990047F1AC /* Debug */ = {
			isa = XCBuildConfiguration;
			buildSettings = {
				ALWAYS_SEARCH_USER_PATHS = NO;
				ASSETCATALOG_COMPILER_GENERATE_SWIFT_ASSET_SYMBOL_EXTENSIONS = YES;
				CLANG_ANALYZER_NONNULL = YES;
				CLANG_ANALYZER_NUMBER_OBJECT_CONVERSION = YES_AGGRESSIVE;
				CLANG_CXX_LANGUAGE_STANDARD = "gnu++20";
				CLANG_ENABLE_MODULES = YES;
				CLANG_ENABLE_OBJC_ARC = YES;
				CLANG_ENABLE_OBJC_WEAK = YES;
				CLANG_WARN_BLOCK_CAPTURE_AUTORELEASING = YES;
				CLANG_WARN_BOOL_CONVERSION = YES;
				CLANG_WARN_COMMA = YES;
				CLANG_WARN_CONSTANT_CONVERSION = YES;
				CLANG_WARN_DEPRECATED_OBJC_IMPLEMENTATIONS = YES;
				CLANG_WARN_DIRECT_OBJC_ISA_USAGE = YES_ERROR;
				CLANG_WARN_DOCUMENTATION_COMMENTS = YES;
				CLANG_WARN_EMPTY_BODY = YES;
				CLANG_WARN_ENUM_CONVERSION = YES;
				CLANG_WARN_INFINITE_RECURSION = YES;
				CLANG_WARN_INT_CONVERSION = YES;
				CLANG_WARN_NON_LITERAL_NULL_CONVERSION = YES;
				CLANG_WARN_OBJC_IMPLICIT_RETAIN_SELF = YES;
				CLANG_WARN_OBJC_LITERAL_CONVERSION = YES;
				CLANG_WARN_OBJC_ROOT_CLASS = YES_ERROR;
				CLANG_WARN_QUOTED_INCLUDE_IN_FRAMEWORK_HEADER = YES;
				CLANG_WARN_RANGE_LOOP_ANALYSIS = YES;
				CLANG_WARN_STRICT_PROTOTYPES = YES;
				CLANG_WARN_SUSPICIOUS_MOVE = YES;
				CLANG_WARN_UNGUARDED_AVAILABILITY = YES_AGGRESSIVE;
				CLANG_WARN_UNREACHABLE_CODE = YES;
				CLANG_WARN__DUPLICATE_METHOD_MATCH = YES;
				COPY_PHASE_STRIP = NO;
				DEBUG_INFORMATION_FORMAT = dwarf;
				ENABLE_STRICT_OBJC_MSGSEND = YES;
				ENABLE_TESTABILITY = YES;
				ENABLE_USER_SCRIPT_SANDBOXING = YES;
				GCC_C_LANGUAGE_STANDARD = gnu17;
				GCC_DYNAMIC_NO_PIC = NO;
				GCC_NO_COMMON_BLOCKS = YES;
				GCC_OPTIMIZATION_LEVEL = 0;
				GCC_PREPROCESSOR_DEFINITIONS = (
					"DEBUG=1",
					"$(inherited)",
				);
				GCC_WARN_64_TO_32_BIT_CONVERSION = YES;
				GCC_WARN_ABOUT_RETURN_TYPE = YES_ERROR;
				GCC_WARN_UNDECLARED_SELECTOR = YES;
				GCC_WARN_UNINITIALIZED_AUTOS = YES_AGGRESSIVE;
				GCC_WARN_UNUSED_FUNCTION = YES;
				GCC_WARN_UNUSED_VARIABLE = YES;
				IPHONEOS_DEPLOYMENT_TARGET = 13.0;
				LOCALIZATION_PREFERS_STRING_CATALOGS = YES;
				MTL_ENABLE_DEBUG_INFO = INCLUDE_SOURCE;
				MTL_FAST_MATH = YES;
				ONLY_ACTIVE_ARCH = YES;
				SDKROOT = iphoneos;
				SWIFT_ACTIVE_COMPILATION_CONDITIONS = "DEBUG $(inherited)";
				SWIFT_OPTIMIZATION_LEVEL = "-Onone";
			};
			name = Debug;
		};
		D5F40A532B1F31990047F1AC /* Release */ = {
			isa = XCBuildConfiguration;
			buildSettings = {
				ALWAYS_SEARCH_USER_PATHS = NO;
				ASSETCATALOG_COMPILER_GENERATE_SWIFT_ASSET_SYMBOL_EXTENSIONS = YES;
				CLANG_ANALYZER_NONNULL = YES;
				CLANG_ANALYZER_NUMBER_OBJECT_CONVERSION = YES_AGGRESSIVE;
				CLANG_CXX_LANGUAGE_STANDARD = "gnu++20";
				CLANG_ENABLE_MODULES = YES;
				CLANG_ENABLE_OBJC_ARC = YES;
				CLANG_ENABLE_OBJC_WEAK = YES;
				CLANG_WARN_BLOCK_CAPTURE_AUTORELEASING = YES;
				CLANG_WARN_BOOL_CONVERSION = YES;
				CLANG_WARN_COMMA = YES;
				CLANG_WARN_CONSTANT_CONVERSION = YES;
				CLANG_WARN_DEPRECATED_OBJC_IMPLEMENTATIONS = YES;
				CLANG_WARN_DIRECT_OBJC_ISA_USAGE = YES_ERROR;
				CLANG_WARN_DOCUMENTATION_COMMENTS = YES;
				CLANG_WARN_EMPTY_BODY = YES;
				CLANG_WARN_ENUM_CONVERSION = YES;
				CLANG_WARN_INFINITE_RECURSION = YES;
				CLANG_WARN_INT_CONVERSION = YES;
				CLANG_WARN_NON_LITERAL_NULL_CONVERSION = YES;
				CLANG_WARN_OBJC_IMPLICIT_RETAIN_SELF = YES;
				CLANG_WARN_OBJC_LITERAL_CONVERSION = YES;
				CLANG_WARN_OBJC_ROOT_CLASS = YES_ERROR;
				CLANG_WARN_QUOTED_INCLUDE_IN_FRAMEWORK_HEADER = YES;
				CLANG_WARN_RANGE_LOOP_ANALYSIS = YES;
				CLANG_WARN_STRICT_PROTOTYPES = YES;
				CLANG_WARN_SUSPICIOUS_MOVE = YES;
				CLANG_WARN_UNGUARDED_AVAILABILITY = YES_AGGRESSIVE;
				CLANG_WARN_UNREACHABLE_CODE = YES;
				CLANG_WARN__DUPLICATE_METHOD_MATCH = YES;
				COPY_PHASE_STRIP = NO;
				DEBUG_INFORMATION_FORMAT = "dwarf-with-dsym";
				ENABLE_NS_ASSERTIONS = NO;
				ENABLE_STRICT_OBJC_MSGSEND = YES;
				ENABLE_USER_SCRIPT_SANDBOXING = YES;
				GCC_C_LANGUAGE_STANDARD = gnu17;
				GCC_NO_COMMON_BLOCKS = YES;
				GCC_WARN_64_TO_32_BIT_CONVERSION = YES;
				GCC_WARN_ABOUT_RETURN_TYPE = YES_ERROR;
				GCC_WARN_UNDECLARED_SELECTOR = YES;
				GCC_WARN_UNINITIALIZED_AUTOS = YES_AGGRESSIVE;
				GCC_WARN_UNUSED_FUNCTION = YES;
				GCC_WARN_UNUSED_VARIABLE = YES;
				IPHONEOS_DEPLOYMENT_TARGET = 13.0;
				LOCALIZATION_PREFERS_STRING_CATALOGS = YES;
				MTL_ENABLE_DEBUG_INFO = NO;
				MTL_FAST_MATH = YES;
				SDKROOT = iphoneos;
				SWIFT_COMPILATION_MODE = wholemodule;
				VALIDATE_PRODUCT = YES;
			};
			name = Release;
		};
		D5F40A552B1F31990047F1AC /* Debug */ = {
			isa = XCBuildConfiguration;
			buildSettings = {
				ASSETCATALOG_COMPILER_APPICON_NAME = AppIcon;
				ASSETCATALOG_COMPILER_GLOBAL_ACCENT_COLOR_NAME = AccentColor;
				CODE_SIGN_STYLE = Automatic;
				CURRENT_PROJECT_VERSION = 1;
				DEVELOPMENT_TEAM = 87F25W4QLY;
				GENERATE_INFOPLIST_FILE = YES;
				INFOPLIST_FILE = ImageFeed/Info.plist;
				INFOPLIST_KEY_UIApplicationSupportsIndirectInputEvents = YES;
				INFOPLIST_KEY_UILaunchStoryboardName = LaunchScreen;
				INFOPLIST_KEY_UIMainStoryboardFile = Main;
				INFOPLIST_KEY_UISupportedInterfaceOrientations_iPad = "UIInterfaceOrientationPortrait UIInterfaceOrientationPortraitUpsideDown UIInterfaceOrientationLandscapeLeft UIInterfaceOrientationLandscapeRight";
				INFOPLIST_KEY_UISupportedInterfaceOrientations_iPhone = UIInterfaceOrientationPortrait;
				IPHONEOS_DEPLOYMENT_TARGET = 13.0;
				LD_RUNPATH_SEARCH_PATHS = (
					"$(inherited)",
					"@executable_path/Frameworks",
				);
				MARKETING_VERSION = 1.0;
				PRODUCT_BUNDLE_IDENTIFIER = com.animacomedentis;
				PRODUCT_NAME = "$(TARGET_NAME)";
				SUPPORTED_PLATFORMS = "iphoneos iphonesimulator";
				SUPPORTS_MACCATALYST = NO;
				SWIFT_EMIT_LOC_STRINGS = YES;
				SWIFT_VERSION = 5.0;
				TARGETED_DEVICE_FAMILY = 1;
			};
			name = Debug;
		};
		D5F40A562B1F31990047F1AC /* Release */ = {
			isa = XCBuildConfiguration;
			buildSettings = {
				ASSETCATALOG_COMPILER_APPICON_NAME = AppIcon;
				ASSETCATALOG_COMPILER_GLOBAL_ACCENT_COLOR_NAME = AccentColor;
				CODE_SIGN_STYLE = Automatic;
				CURRENT_PROJECT_VERSION = 1;
				DEVELOPMENT_TEAM = 87F25W4QLY;
				GENERATE_INFOPLIST_FILE = YES;
				INFOPLIST_FILE = ImageFeed/Info.plist;
				INFOPLIST_KEY_UIApplicationSupportsIndirectInputEvents = YES;
				INFOPLIST_KEY_UILaunchStoryboardName = LaunchScreen;
				INFOPLIST_KEY_UIMainStoryboardFile = Main;
				INFOPLIST_KEY_UISupportedInterfaceOrientations_iPad = "UIInterfaceOrientationPortrait UIInterfaceOrientationPortraitUpsideDown UIInterfaceOrientationLandscapeLeft UIInterfaceOrientationLandscapeRight";
				INFOPLIST_KEY_UISupportedInterfaceOrientations_iPhone = UIInterfaceOrientationPortrait;
				IPHONEOS_DEPLOYMENT_TARGET = 13.0;
				LD_RUNPATH_SEARCH_PATHS = (
					"$(inherited)",
					"@executable_path/Frameworks",
				);
				MARKETING_VERSION = 1.0;
				PRODUCT_BUNDLE_IDENTIFIER = com.animacomedentis;
				PRODUCT_NAME = "$(TARGET_NAME)";
				SUPPORTED_PLATFORMS = "iphoneos iphonesimulator";
				SUPPORTS_MACCATALYST = NO;
				SWIFT_EMIT_LOC_STRINGS = YES;
				SWIFT_VERSION = 5.0;
				TARGETED_DEVICE_FAMILY = 1;
			};
			name = Release;
		};
/* End XCBuildConfiguration section */

/* Begin XCConfigurationList section */
		75822FAD2D105EC80031AC78 /* Build configuration list for PBXNativeTarget "ImageFeedTests" */ = {
			isa = XCConfigurationList;
			buildConfigurations = (
				75822FAE2D105EC80031AC78 /* Debug */,
				75822FAF2D105EC80031AC78 /* Release */,
			);
			defaultConfigurationIsVisible = 0;
			defaultConfigurationName = Release;
		};
		D5F40A3B2B1F31980047F1AC /* Build configuration list for PBXProject "ImageFeed" */ = {
			isa = XCConfigurationList;
			buildConfigurations = (
				D5F40A522B1F31990047F1AC /* Debug */,
				D5F40A532B1F31990047F1AC /* Release */,
			);
			defaultConfigurationIsVisible = 0;
			defaultConfigurationName = Release;
		};
		D5F40A542B1F31990047F1AC /* Build configuration list for PBXNativeTarget "ImageFeed" */ = {
			isa = XCConfigurationList;
			buildConfigurations = (
				D5F40A552B1F31990047F1AC /* Debug */,
				D5F40A562B1F31990047F1AC /* Release */,
			);
			defaultConfigurationIsVisible = 0;
			defaultConfigurationName = Release;
		};
/* End XCConfigurationList section */

/* Begin XCRemoteSwiftPackageReference section */
		750662C92D12FFE20054A35F /* XCRemoteSwiftPackageReference "Kingfisher" */ = {
			isa = XCRemoteSwiftPackageReference;
			repositoryURL = "https://github.com/onevcat/Kingfisher.git";
			requirement = {
				kind = upToNextMajorVersion;
				minimumVersion = 8.1.3;
			};
		};
		7529B64E2CF8E1AB003B4502 /* XCRemoteSwiftPackageReference "SwiftKeychainWrapper" */ = {
			isa = XCRemoteSwiftPackageReference;
			repositoryURL = "https://github.com/jrendel/SwiftKeychainWrapper.git";
			requirement = {
				kind = upToNextMajorVersion;
				minimumVersion = 4.0.1;
			};
		};
		75F273302CF5EDFA00E0E0BE /* XCRemoteSwiftPackageReference "Kingfisher" */ = {
			isa = XCRemoteSwiftPackageReference;
			repositoryURL = "https://github.com/onevcat/Kingfisher.git";
			requirement = {
				kind = upToNextMajorVersion;
				minimumVersion = 8.1.1;
			};
		};
		75FAC7012CE617F00065BE58 /* XCRemoteSwiftPackageReference "ProgressHUD" */ = {
			isa = XCRemoteSwiftPackageReference;
			repositoryURL = "https://github.com/relatedcode/ProgressHUD";
			requirement = {
				kind = upToNextMajorVersion;
				minimumVersion = 13.6.1;
			};
		};
		75FAC7042CE61B570065BE58 /* XCRemoteSwiftPackageReference "ProgressHUD" */ = {
			isa = XCRemoteSwiftPackageReference;
			repositoryURL = "https://github.com/relatedcode/ProgressHUD";
			requirement = {
				kind = upToNextMajorVersion;
				minimumVersion = 14.1.3;
			};
		};
/* End XCRemoteSwiftPackageReference section */

/* Begin XCSwiftPackageProductDependency section */
		7529B64F2CF8E1AB003B4502 /* SwiftKeychainWrapper */ = {
			isa = XCSwiftPackageProductDependency;
			package = 7529B64E2CF8E1AB003B4502 /* XCRemoteSwiftPackageReference "SwiftKeychainWrapper" */;
			productName = SwiftKeychainWrapper;
		};
		75F273312CF5EDFA00E0E0BE /* Kingfisher */ = {
			isa = XCSwiftPackageProductDependency;
			package = 75F273302CF5EDFA00E0E0BE /* XCRemoteSwiftPackageReference "Kingfisher" */;
			productName = Kingfisher;
		};
		75FAC7022CE617F00065BE58 /* ProgressHUD */ = {
			isa = XCSwiftPackageProductDependency;
			package = 75FAC7012CE617F00065BE58 /* XCRemoteSwiftPackageReference "ProgressHUD" */;
			productName = ProgressHUD;
		};
		75FAC7052CE61B570065BE58 /* ProgressHUD */ = {
			isa = XCSwiftPackageProductDependency;
			package = 75FAC7042CE61B570065BE58 /* XCRemoteSwiftPackageReference "ProgressHUD" */;
			productName = ProgressHUD;
		};
/* End XCSwiftPackageProductDependency section */
	};
	rootObject = D5F40A382B1F31980047F1AC /* Project object */;
}
